{
  "name": "test-with-module",
  "version": "1.0.0",
  "lockfileVersion": 3,
  "requires": true,
  "packages": {
    "": {
      "name": "test-with-module",
      "version": "1.0.0",
      "license": "ISC",
      "dependencies": {
        "@bluelibs/runner": "file:../.."
      },
      "devDependencies": {
        "typescript": "^5.9.2"
      }
    },
    "../..": {
      "name": "@bluelibs/runner",
      "version": "5.0.0",
      "funding": [
        {
          "type": "github",
          "url": "https://github.com/sponsors/bluelibs"
        }
      ],
      "license": "MIT",
      "dependencies": {
        "lru-cache": "^11.1.0"
      },
      "devDependencies": {
        "@types/amqplib": "^0.10.7",
        "@types/benchmark": "^2.1.5",
        "@types/busboy": "^1.5.4",
        "@types/express": "^5.0.3",
        "@types/graphql": "^0.11.3",
        "@types/jest": "^27.0.0",
        "@types/node": "^20.0.0",
        "@typescript-eslint/eslint-plugin": "8.39.0",
        "@typescript-eslint/parser": "8.39.0",
        "benchmark": "^2.1.4",
        "busboy": "^1.6.0",
        "eslint": "^9.39.2",
        "eslint-config-prettier": "^10.1.8",
        "eslint-plugin-jest": "^29.11.2",
        "eslint-plugin-prettier": "^5.5.4",
        "eslint-plugin-unused-imports": "^4.3.0",
        "express": "^5.1.0",
        "globals": "^16.5.0",
        "jest": "^29.0.0",
        "jest-environment-jsdom": "^30.1.2",
        "jest-junit": "^10.0.0",
        "prettier": "^3.7.4",
        "reflect-metadata": "^0.2.2",
        "source-map-support": "^0.5.13",
        "tailwindcss": "^4.1.12",
        "ts-jest": "^29.0.0",
        "tsup": "^8.0.0",
        "typedoc": "^0.26.7",
        "typedoc-material-theme": "^1.1.0",
        "typedoc-plugin-pages": "^1.1.0",
        "typescript": "^5.6.2",
        "typescript-eslint": "^8.51.0",
        "zod": "^4.0.17"
      },
      "engines": {
        "node": ">=18"
      },
      "optionalDependencies": {
        "amqplib": "^0.10.9",
        "busboy": "^1.6.0",
        "cron-parser": "^5.4.0",
        "ioredis": "^5.7.0"
      }
    },
    "node_modules/@bluelibs/runner": {
      "resolved": "../..",
      "link": true
    },
    "node_modules/typescript": {
      "version": "5.9.2",
      "resolved": "https://registry.npmjs.org/typescript/-/typescript-5.9.2.tgz",
      "integrity": "sha512-CWBzXQrc/qOkhidw1OzBTQuYRbfyxDXJMVJ1XNwUHGROVmuaeiEm3OslpZ1RV96d7SKKjZKrSJu3+t/xlw3R9A==",
      "dev": true,
      "license": "Apache-2.0",
      "bin": {
        "tsc": "bin/tsc",
        "tsserver": "bin/tsserver"
      },
      "engines": {
        "node": ">=14.17"
      }
    }
  }
}
